
Microsoft Visual Studio Solution File, Format Version 12.00
# Visual Studio Version 16
VisualStudioVersion = 16.0.31613.86
MinimumVisualStudioVersion = 10.0.40219.1
Project("{FAE04EC0-301F-11D3-BF4B-00C04F79EFBC}") = "Factory", "Factory\Factory.csproj", "{8CADF373-3E4F-43B6-B4B4-7D25F1094C33}"
EndProject
Global
	GlobalSection(SolutionConfigurationPlatforms) = preSolution
		Debug|Any CPU = Debug|Any CPU
		Release|Any CPU = Release|Any CPU
	EndGlobalSection
	GlobalSection(ProjectConfigurationPlatforms) = postSolution
		{8CADF373-3E4F-43B6-B4B4-7D25F1094C33}.Debug|Any CPU.ActiveCfg = Debug|Any CPU
		{8CADF373-3E4F-43B6-B4B4-7D25F1094C33}.Debug|Any CPU.Build.0 = Debug|Any CPU
		{8CADF373-3E4F-43B6-B4B4-7D25F1094C33}.Release|Any CPU.ActiveCfg = Release|Any CPU
		{8CADF373-3E4F-43B6-B4B4-7D25F1094C33}.Release|Any CPU.Build.0 = Release|Any CPU
	EndGlobalSection
	GlobalSection(SolutionProperties) = preSolution
		HideSolutionNode = FALSE
	EndGlobalSection
	GlobalSection(ExtensibilityGlobals) = postSolution
		SolutionGuid = {B72FC52F-3A80-4076-91D3-CE63950F0C49}
	EndGlobalSection
EndGlobal
